// !$*UTF8*$!
{
	archiveVersion = 1;
	classes = {
	};
	objectVersion = 55;
	objects = {

/* Begin PBXBuildFile section */
		6FB4BD3828FDF577002B8B5C /* AppDelegate.swift in Sources */ = {isa = PBXBuildFile; fileRef = 6FB4BD3728FDF577002B8B5C /* AppDelegate.swift */; };
		6FB4BD3A28FDF577002B8B5C /* ContentView.swift in Sources */ = {isa = PBXBuildFile; fileRef = 6FB4BD3928FDF577002B8B5C /* ContentView.swift */; };
		6FB4BD3C28FDF577002B8B5C /* Experience.rcproject in Sources */ = {isa = PBXBuildFile; fileRef = 6FB4BD3B28FDF577002B8B5C /* Experience.rcproject */; };
		6FB4BD3E28FDF57B002B8B5C /* Assets.xcassets in Resources */ = {isa = PBXBuildFile; fileRef = 6FB4BD3D28FDF57B002B8B5C /* Assets.xcassets */; };
		6FB4BD4128FDF57B002B8B5C /* Preview Assets.xcassets in Resources */ = {isa = PBXBuildFile; fileRef = 6FB4BD4028FDF57B002B8B5C /* Preview Assets.xcassets */; };
		6FB4BD4B28FDF57B002B8B5C /* ModelPickerTests.swift in Sources */ = {isa = PBXBuildFile; fileRef = 6FB4BD4A28FDF57B002B8B5C /* ModelPickerTests.swift */; };
		6FB4BD5528FDF57B002B8B5C /* ModelPickerUITests.swift in Sources */ = {isa = PBXBuildFile; fileRef = 6FB4BD5428FDF57B002B8B5C /* ModelPickerUITests.swift */; };
		6FB4BD5728FDF57B002B8B5C /* ModelPickerUITestsLaunchTests.swift in Sources */ = {isa = PBXBuildFile; fileRef = 6FB4BD5628FDF57B002B8B5C /* ModelPickerUITestsLaunchTests.swift */; };
		6FB4BD6828FDF82E002B8B5C /* AirForce.usdz in Resources */ = {isa = PBXBuildFile; fileRef = 6FB4BD6428FDF82E002B8B5C /* AirForce.usdz */; };
		6FB4BD6928FDF82E002B8B5C /* PegasusTrail.usdz in Resources */ = {isa = PBXBuildFile; fileRef = 6FB4BD6528FDF82E002B8B5C /* PegasusTrail.usdz */; };
		6FB4BD6A28FDF82E002B8B5C /* toy_biplane.usdz in Resources */ = {isa = PBXBuildFile; fileRef = 6FB4BD6628FDF82E002B8B5C /* toy_biplane.usdz */; };
		6FB4BD6B28FDF82E002B8B5C /* teapot.usdz in Resources */ = {isa = PBXBuildFile; fileRef = 6FB4BD6728FDF82E002B8B5C /* teapot.usdz */; };
		6FB4BD7128FE1176002B8B5C /* Model.swift in Sources */ = {isa = PBXBuildFile; fileRef = 6FB4BD7028FE1176002B8B5C /* Model.swift */; };
/* End PBXBuildFile section */

/* Begin PBXContainerItemProxy section */
		6FB4BD4728FDF57B002B8B5C /* PBXContainerItemProxy */ = {
			isa = PBXContainerItemProxy;
			containerPortal = 6FB4BD2C28FDF577002B8B5C /* Project object */;
			proxyType = 1;
			remoteGlobalIDString = 6FB4BD3328FDF577002B8B5C;
			remoteInfo = ModelPicker;
		};
		6FB4BD5128FDF57B002B8B5C /* PBXContainerItemProxy */ = {
			isa = PBXContainerItemProxy;
			containerPortal = 6FB4BD2C28FDF577002B8B5C /* Project object */;
			proxyType = 1;
			remoteGlobalIDString = 6FB4BD3328FDF577002B8B5C;
			remoteInfo = ModelPicker;
		};
/* End PBXContainerItemProxy section */

/* Begin PBXFileReference section */
		6FB4BD3428FDF577002B8B5C /* ModelPicker.app */ = {isa = PBXFileReference; explicitFileType = wrapper.application; includeInIndex = 0; path = ModelPicker.app; sourceTree = BUILT_PRODUCTS_DIR; };
		6FB4BD3728FDF577002B8B5C /* AppDelegate.swift */ = {isa = PBXFileReference; lastKnownFileType = sourcecode.swift; path = AppDelegate.swift; sourceTree = "<group>"; };
		6FB4BD3928FDF577002B8B5C /* ContentView.swift */ = {isa = PBXFileReference; lastKnownFileType = sourcecode.swift; path = ContentView.swift; sourceTree = "<group>"; };
		6FB4BD3B28FDF577002B8B5C /* Experience.rcproject */ = {isa = PBXFileReference; lastKnownFileType = file.rcproject; path = Experience.rcproject; sourceTree = "<group>"; };
		6FB4BD3D28FDF57B002B8B5C /* Assets.xcassets */ = {isa = PBXFileReference; lastKnownFileType = folder.assetcatalog; path = Assets.xcassets; sourceTree = "<group>"; };
		6FB4BD4028FDF57B002B8B5C /* Preview Assets.xcassets */ = {isa = PBXFileReference; lastKnownFileType = folder.assetcatalog; path = "Preview Assets.xcassets"; sourceTree = "<group>"; };
		6FB4BD4628FDF57B002B8B5C /* ModelPickerTests.xctest */ = {isa = PBXFileReference; explicitFileType = wrapper.cfbundle; includeInIndex = 0; path = ModelPickerTests.xctest; sourceTree = BUILT_PRODUCTS_DIR; };
		6FB4BD4A28FDF57B002B8B5C /* ModelPickerTests.swift */ = {isa = PBXFileReference; lastKnownFileType = sourcecode.swift; path = ModelPickerTests.swift; sourceTree = "<group>"; };
		6FB4BD5028FDF57B002B8B5C /* ModelPickerUITests.xctest */ = {isa = PBXFileReference; explicitFileType = wrapper.cfbundle; includeInIndex = 0; path = ModelPickerUITests.xctest; sourceTree = BUILT_PRODUCTS_DIR; };
		6FB4BD5428FDF57B002B8B5C /* ModelPickerUITests.swift */ = {isa = PBXFileReference; lastKnownFileType = sourcecode.swift; path = ModelPickerUITests.swift; sourceTree = "<group>"; };
		6FB4BD5628FDF57B002B8B5C /* ModelPickerUITestsLaunchTests.swift */ = {isa = PBXFileReference; lastKnownFileType = sourcecode.swift; path = ModelPickerUITestsLaunchTests.swift; sourceTree = "<group>"; };
		6FB4BD6428FDF82E002B8B5C /* AirForce.usdz */ = {isa = PBXFileReference; lastKnownFileType = file.usdz; path = AirForce.usdz; sourceTree = "<group>"; };
		6FB4BD6528FDF82E002B8B5C /* PegasusTrail.usdz */ = {isa = PBXFileReference; lastKnownFileType = file.usdz; path = PegasusTrail.usdz; sourceTree = "<group>"; };
		6FB4BD6628FDF82E002B8B5C /* toy_biplane.usdz */ = {isa = PBXFileReference; lastKnownFileType = file.usdz; path = toy_biplane.usdz; sourceTree = "<group>"; };
		6FB4BD6728FDF82E002B8B5C /* teapot.usdz */ = {isa = PBXFileReference; lastKnownFileType = file.usdz; path = teapot.usdz; sourceTree = "<group>"; };
		6FB4BD7028FE1176002B8B5C /* Model.swift */ = {isa = PBXFileReference; lastKnownFileType = sourcecode.swift; path = Model.swift; sourceTree = "<group>"; };
/* End PBXFileReference section */

/* Begin PBXFrameworksBuildPhase section */
		6FB4BD3128FDF577002B8B5C /* Frameworks */ = {
			isa = PBXFrameworksBuildPhase;
			buildActionMask = 2147483647;
			files = (
			);
			runOnlyForDeploymentPostprocessing = 0;
		};
		6FB4BD4328FDF57B002B8B5C /* Frameworks */ = {
			isa = PBXFrameworksBuildPhase;
			buildActionMask = 2147483647;
			files = (
			);
			runOnlyForDeploymentPostprocessing = 0;
		};
		6FB4BD4D28FDF57B002B8B5C /* Frameworks */ = {
			isa = PBXFrameworksBuildPhase;
			buildActionMask = 2147483647;
			files = (
			);
			runOnlyForDeploymentPostprocessing = 0;
		};
/* End PBXFrameworksBuildPhase section */

/* Begin PBXGroup section */
		6FB4BD2B28FDF577002B8B5C = {
			isa = PBXGroup;
			children = (
				6FB4BD3628FDF577002B8B5C /* ModelPicker */,
				6FB4BD4928FDF57B002B8B5C /* ModelPickerTests */,
				6FB4BD5328FDF57B002B8B5C /* ModelPickerUITests */,
				6FB4BD3528FDF577002B8B5C /* Products */,
			);
			sourceTree = "<group>";
		};
		6FB4BD3528FDF577002B8B5C /* Products */ = {
			isa = PBXGroup;
			children = (
				6FB4BD3428FDF577002B8B5C /* ModelPicker.app */,
				6FB4BD4628FDF57B002B8B5C /* ModelPickerTests.xctest */,
				6FB4BD5028FDF57B002B8B5C /* ModelPickerUITests.xctest */,
			);
			name = Products;
			sourceTree = "<group>";
		};
		6FB4BD3628FDF577002B8B5C /* ModelPicker */ = {
			isa = PBXGroup;
			children = (
				6FB4BD3728FDF577002B8B5C /* AppDelegate.swift */,
				6FB4BD6328FDF7EF002B8B5C /* Models */,
				6FB4BD3928FDF577002B8B5C /* ContentView.swift */,
				6FB4BD3B28FDF577002B8B5C /* Experience.rcproject */,
				6FB4BD3D28FDF57B002B8B5C /* Assets.xcassets */,
				6FB4BD3F28FDF57B002B8B5C /* Preview Content */,
				6FB4BD7028FE1176002B8B5C /* Model.swift */,
			);
			path = ModelPicker;
			sourceTree = "<group>";
		};
		6FB4BD3F28FDF57B002B8B5C /* Preview Content */ = {
			isa = PBXGroup;
			children = (
				6FB4BD4028FDF57B002B8B5C /* Preview Assets.xcassets */,
			);
			path = "Preview Content";
			sourceTree = "<group>";
		};
		6FB4BD4928FDF57B002B8B5C /* ModelPickerTests */ = {
			isa = PBXGroup;
			children = (
				6FB4BD4A28FDF57B002B8B5C /* ModelPickerTests.swift */,
			);
			path = ModelPickerTests;
			sourceTree = "<group>";
		};
		6FB4BD5328FDF57B002B8B5C /* ModelPickerUITests */ = {
			isa = PBXGroup;
			children = (
				6FB4BD5428FDF57B002B8B5C /* ModelPickerUITests.swift */,
				6FB4BD5628FDF57B002B8B5C /* ModelPickerUITestsLaunchTests.swift */,
			);
			path = ModelPickerUITests;
			sourceTree = "<group>";
		};
		6FB4BD6328FDF7EF002B8B5C /* Models */ = {
			isa = PBXGroup;
			children = (
				6FB4BD6428FDF82E002B8B5C /* AirForce.usdz */,
				6FB4BD6528FDF82E002B8B5C /* PegasusTrail.usdz */,
				6FB4BD6728FDF82E002B8B5C /* teapot.usdz */,
				6FB4BD6628FDF82E002B8B5C /* toy_biplane.usdz */,
			);
			path = Models;
			sourceTree = "<group>";
		};
/* End PBXGroup section */

/* Begin PBXNativeTarget section */
		6FB4BD3328FDF577002B8B5C /* ModelPicker */ = {
			isa = PBXNativeTarget;
			buildConfigurationList = 6FB4BD5A28FDF57B002B8B5C /* Build configuration list for PBXNativeTarget "ModelPicker" */;
			buildPhases = (
				6FB4BD3028FDF577002B8B5C /* Sources */,
				6FB4BD3128FDF577002B8B5C /* Frameworks */,
				6FB4BD3228FDF577002B8B5C /* Resources */,
			);
			buildRules = (
			);
			dependencies = (
			);
			name = ModelPicker;
			productName = ModelPicker;
			productReference = 6FB4BD3428FDF577002B8B5C /* ModelPicker.app */;
			productType = "com.apple.product-type.application";
		};
		6FB4BD4528FDF57B002B8B5C /* ModelPickerTests */ = {
			isa = PBXNativeTarget;
			buildConfigurationList = 6FB4BD5D28FDF57B002B8B5C /* Build configuration list for PBXNativeTarget "ModelPickerTests" */;
			buildPhases = (
				6FB4BD4228FDF57B002B8B5C /* Sources */,
				6FB4BD4328FDF57B002B8B5C /* Frameworks */,
				6FB4BD4428FDF57B002B8B5C /* Resources */,
			);
			buildRules = (
			);
			dependencies = (
				6FB4BD4828FDF57B002B8B5C /* PBXTargetDependency */,
			);
			name = ModelPickerTests;
			productName = ModelPickerTests;
			productReference = 6FB4BD4628FDF57B002B8B5C /* ModelPickerTests.xctest */;
			productType = "com.apple.product-type.bundle.unit-test";
		};
		6FB4BD4F28FDF57B002B8B5C /* ModelPickerUITests */ = {
			isa = PBXNativeTarget;
			buildConfigurationList = 6FB4BD6028FDF57B002B8B5C /* Build configuration list for PBXNativeTarget "ModelPickerUITests" */;
			buildPhases = (
				6FB4BD4C28FDF57B002B8B5C /* Sources */,
				6FB4BD4D28FDF57B002B8B5C /* Frameworks */,
				6FB4BD4E28FDF57B002B8B5C /* Resources */,
			);
			buildRules = (
			);
			dependencies = (
				6FB4BD5228FDF57B002B8B5C /* PBXTargetDependency */,
			);
			name = ModelPickerUITests;
			productName = ModelPickerUITests;
			productReference = 6FB4BD5028FDF57B002B8B5C /* ModelPickerUITests.xctest */;
			productType = "com.apple.product-type.bundle.ui-testing";
		};
/* End PBXNativeTarget section */

/* Begin PBXProject section */
		6FB4BD2C28FDF577002B8B5C /* Project object */ = {
			isa = PBXProject;
			attributes = {
				BuildIndependentTargetsInParallel = 1;
				LastSwiftUpdateCheck = 1340;
				LastUpgradeCheck = 1340;
				TargetAttributes = {
					6FB4BD3328FDF577002B8B5C = {
						CreatedOnToolsVersion = 13.4.1;
					};
					6FB4BD4528FDF57B002B8B5C = {
						CreatedOnToolsVersion = 13.4.1;
						TestTargetID = 6FB4BD3328FDF577002B8B5C;
					};
					6FB4BD4F28FDF57B002B8B5C = {
						CreatedOnToolsVersion = 13.4.1;
						TestTargetID = 6FB4BD3328FDF577002B8B5C;
					};
				};
			};
			buildConfigurationList = 6FB4BD2F28FDF577002B8B5C /* Build configuration list for PBXProject "ModelPicker" */;
			compatibilityVersion = "Xcode 13.0";
			developmentRegion = en;
			hasScannedForEncodings = 0;
			knownRegions = (
				en,
				Base,
			);
			mainGroup = 6FB4BD2B28FDF577002B8B5C;
			productRefGroup = 6FB4BD3528FDF577002B8B5C /* Products */;
			projectDirPath = "";
			projectRoot = "";
			targets = (
				6FB4BD3328FDF577002B8B5C /* ModelPicker */,
				6FB4BD4528FDF57B002B8B5C /* ModelPickerTests */,
				6FB4BD4F28FDF57B002B8B5C /* ModelPickerUITests */,
			);
		};
/* End PBXProject section */

/* Begin PBXResourcesBuildPhase section */
		6FB4BD3228FDF577002B8B5C /* Resources */ = {
			isa = PBXResourcesBuildPhase;
			buildActionMask = 2147483647;
			files = (
				6FB4BD6B28FDF82E002B8B5C /* teapot.usdz in Resources */,
				6FB4BD4128FDF57B002B8B5C /* Preview Assets.xcassets in Resources */,
				6FB4BD6A28FDF82E002B8B5C /* toy_biplane.usdz in Resources */,
				6FB4BD6928FDF82E002B8B5C /* PegasusTrail.usdz in Resources */,
				6FB4BD3E28FDF57B002B8B5C /* Assets.xcassets in Resources */,
				6FB4BD6828FDF82E002B8B5C /* AirForce.usdz in Resources */,
			);
			runOnlyForDeploymentPostprocessing = 0;
		};
		6FB4BD4428FDF57B002B8B5C /* Resources */ = {
			isa = PBXResourcesBuildPhase;
			buildActionMask = 2147483647;
			files = (
			);
			runOnlyForDeploymentPostprocessing = 0;
		};
		6FB4BD4E28FDF57B002B8B5C /* Resources */ = {
			isa = PBXResourcesBuildPhase;
			buildActionMask = 2147483647;
			files = (
			);
			runOnlyForDeploymentPostprocessing = 0;
		};
/* End PBXResourcesBuildPhase section */

/* Begin PBXSourcesBuildPhase section */
		6FB4BD3028FDF577002B8B5C /* Sources */ = {
			isa = PBXSourcesBuildPhase;
			buildActionMask = 2147483647;
			files = (
				6FB4BD3A28FDF577002B8B5C /* ContentView.swift in Sources */,
				6FB4BD3828FDF577002B8B5C /* AppDelegate.swift in Sources */,
				6FB4BD3C28FDF577002B8B5C /* Experience.rcproject in Sources */,
				6FB4BD7128FE1176002B8B5C /* Model.swift in Sources */,
			);
			runOnlyForDeploymentPostprocessing = 0;
		};
		6FB4BD4228FDF57B002B8B5C /* Sources */ = {
			isa = PBXSourcesBuildPhase;
			buildActionMask = 2147483647;
			files = (
				6FB4BD4B28FDF57B002B8B5C /* ModelPickerTests.swift in Sources */,
			);
			runOnlyForDeploymentPostprocessing = 0;
		};
		6FB4BD4C28FDF57B002B8B5C /* Sources */ = {
			isa = PBXSourcesBuildPhase;
			buildActionMask = 2147483647;
			files = (
				6FB4BD5728FDF57B002B8B5C /* ModelPickerUITestsLaunchTests.swift in Sources */,
				6FB4BD5528FDF57B002B8B5C /* ModelPickerUITests.swift in Sources */,
			);
			runOnlyForDeploymentPostprocessing = 0;
		};
/* End PBXSourcesBuildPhase section */

/* Begin PBXTargetDependency section */
		6FB4BD4828FDF57B002B8B5C /* PBXTargetDependency */ = {
			isa = PBXTargetDependency;
			target = 6FB4BD3328FDF577002B8B5C /* ModelPicker */;
			targetProxy = 6FB4BD4728FDF57B002B8B5C /* PBXContainerItemProxy */;
		};
		6FB4BD5228FDF57B002B8B5C /* PBXTargetDependency */ = {
			isa = PBXTargetDependency;
			target = 6FB4BD3328FDF577002B8B5C /* ModelPicker */;
			targetProxy = 6FB4BD5128FDF57B002B8B5C /* PBXContainerItemProxy */;
		};
/* End PBXTargetDependency section */

/* Begin XCBuildConfiguration section */
		6FB4BD5828FDF57B002B8B5C /* Debug */ = {
			isa = XCBuildConfiguration;
			buildSettings = {
				ALWAYS_SEARCH_USER_PATHS = NO;
				CLANG_ANALYZER_NONNULL = YES;
				CLANG_ANALYZER_NUMBER_OBJECT_CONVERSION = YES_AGGRESSIVE;
				CLANG_CXX_LANGUAGE_STANDARD = "gnu++17";
				CLANG_ENABLE_MODULES = YES;
				CLANG_ENABLE_OBJC_ARC = YES;
				CLANG_ENABLE_OBJC_WEAK = YES;
				CLANG_WARN_BLOCK_CAPTURE_AUTORELEASING = YES;
				CLANG_WARN_BOOL_CONVERSION = YES;
				CLANG_WARN_COMMA = YES;
				CLANG_WARN_CONSTANT_CONVERSION = YES;
				CLANG_WARN_DEPRECATED_OBJC_IMPLEMENTATIONS = YES;
				CLANG_WARN_DIRECT_OBJC_ISA_USAGE = YES_ERROR;
				CLANG_WARN_DOCUMENTATION_COMMENTS = YES;
				CLANG_WARN_EMPTY_BODY = YES;
				CLANG_WARN_ENUM_CONVERSION = YES;
				CLANG_WARN_INFINITE_RECURSION = YES;
				CLANG_WARN_INT_CONVERSION = YES;
				CLANG_WARN_NON_LITERAL_NULL_CONVERSION = YES;
				CLANG_WARN_OBJC_IMPLICIT_RETAIN_SELF = YES;
				CLANG_WARN_OBJC_LITERAL_CONVERSION = YES;
				CLANG_WARN_OBJC_ROOT_CLASS = YES_ERROR;
				CLANG_WARN_QUOTED_INCLUDE_IN_FRAMEWORK_HEADER = YES;
				CLANG_WARN_RANGE_LOOP_ANALYSIS = YES;
				CLANG_WARN_STRICT_PROTOTYPES = YES;
				CLANG_WARN_SUSPICIOUS_MOVE = YES;
				CLANG_WARN_UNGUARDED_AVAILABILITY = YES_AGGRESSIVE;
				CLANG_WARN_UNREACHABLE_CODE = YES;
				CLANG_WARN__DUPLICATE_METHOD_MATCH = YES;
				COPY_PHASE_STRIP = NO;
				DEBUG_INFORMATION_FORMAT = dwarf;
				ENABLE_STRICT_OBJC_MSGSEND = YES;
				ENABLE_TESTABILITY = YES;
				GCC_C_LANGUAGE_STANDARD = gnu11;
				GCC_DYNAMIC_NO_PIC = NO;
				GCC_NO_COMMON_BLOCKS = YES;
				GCC_OPTIMIZATION_LEVEL = 0;
				GCC_PREPROCESSOR_DEFINITIONS = (
					"DEBUG=1",
					"$(inherited)",
				);
				GCC_WARN_64_TO_32_BIT_CONVERSION = YES;
				GCC_WARN_ABOUT_RETURN_TYPE = YES_ERROR;
				GCC_WARN_UNDECLARED_SELECTOR = YES;
				GCC_WARN_UNINITIALIZED_AUTOS = YES_AGGRESSIVE;
				GCC_WARN_UNUSED_FUNCTION = YES;
				GCC_WARN_UNUSED_VARIABLE = YES;
				IPHONEOS_DEPLOYMENT_TARGET = 15.5;
				MTL_ENABLE_DEBUG_INFO = INCLUDE_SOURCE;
				MTL_FAST_MATH = YES;
				ONLY_ACTIVE_ARCH = YES;
				SDKROOT = iphoneos;
				SWIFT_ACTIVE_COMPILATION_CONDITIONS = DEBUG;
				SWIFT_OPTIMIZATION_LEVEL = "-Onone";
			};
			name = Debug;
		};
		6FB4BD5928FDF57B002B8B5C /* Release */ = {
			isa = XCBuildConfiguration;
			buildSettings = {
				ALWAYS_SEARCH_USER_PATHS = NO;
				CLANG_ANALYZER_NONNULL = YES;
				CLANG_ANALYZER_NUMBER_OBJECT_CONVERSION = YES_AGGRESSIVE;
				CLANG_CXX_LANGUAGE_STANDARD = "gnu++17";
				CLANG_ENABLE_MODULES = YES;
				CLANG_ENABLE_OBJC_ARC = YES;
				CLANG_ENABLE_OBJC_WEAK = YES;
				CLANG_WARN_BLOCK_CAPTURE_AUTORELEASING = YES;
				CLANG_WARN_BOOL_CONVERSION = YES;
				CLANG_WARN_COMMA = YES;
				CLANG_WARN_CONSTANT_CONVERSION = YES;
				CLANG_WARN_DEPRECATED_OBJC_IMPLEMENTATIONS = YES;
				CLANG_WARN_DIRECT_OBJC_ISA_USAGE = YES_ERROR;
				CLANG_WARN_DOCUMENTATION_COMMENTS = YES;
				CLANG_WARN_EMPTY_BODY = YES;
				CLANG_WARN_ENUM_CONVERSION = YES;
				CLANG_WARN_INFINITE_RECURSION = YES;
				CLANG_WARN_INT_CONVERSION = YES;
				CLANG_WARN_NON_LITERAL_NULL_CONVERSION = YES;
				CLANG_WARN_OBJC_IMPLICIT_RETAIN_SELF = YES;
				CLANG_WARN_OBJC_LITERAL_CONVERSION = YES;
				CLANG_WARN_OBJC_ROOT_CLASS = YES_ERROR;
				CLANG_WARN_QUOTED_INCLUDE_IN_FRAMEWORK_HEADER = YES;
				CLANG_WARN_RANGE_LOOP_ANALYSIS = YES;
				CLANG_WARN_STRICT_PROTOTYPES = YES;
				CLANG_WARN_SUSPICIOUS_MOVE = YES;
				CLANG_WARN_UNGUARDED_AVAILABILITY = YES_AGGRESSIVE;
				CLANG_WARN_UNREACHABLE_CODE = YES;
				CLANG_WARN__DUPLICATE_METHOD_MATCH = YES;
				COPY_PHASE_STRIP = NO;
				DEBUG_INFORMATION_FORMAT = "dwarf-with-dsym";
				ENABLE_NS_ASSERTIONS = NO;
				ENABLE_STRICT_OBJC_MSGSEND = YES;
				GCC_C_LANGUAGE_STANDARD = gnu11;
				GCC_NO_COMMON_BLOCKS = YES;
				GCC_WARN_64_TO_32_BIT_CONVERSION = YES;
				GCC_WARN_ABOUT_RETURN_TYPE = YES_ERROR;
				GCC_WARN_UNDECLARED_SELECTOR = YES;
				GCC_WARN_UNINITIALIZED_AUTOS = YES_AGGRESSIVE;
				GCC_WARN_UNUSED_FUNCTION = YES;
				GCC_WARN_UNUSED_VARIABLE = YES;
				IPHONEOS_DEPLOYMENT_TARGET = 15.5;
				MTL_ENABLE_DEBUG_INFO = NO;
				MTL_FAST_MATH = YES;
				SDKROOT = iphoneos;
				SWIFT_COMPILATION_MODE = wholemodule;
				SWIFT_OPTIMIZATION_LEVEL = "-O";
				VALIDATE_PRODUCT = YES;
			};
			name = Release;
		};
		6FB4BD5B28FDF57B002B8B5C /* Debug */ = {
			isa = XCBuildConfiguration;
			buildSettings = {
				ASSETCATALOG_COMPILER_APPICON_NAME = AppIcon;
				ASSETCATALOG_COMPILER_GLOBAL_ACCENT_COLOR_NAME = AccentColor;
				CODE_SIGN_STYLE = Automatic;
				CURRENT_PROJECT_VERSION = 1;
				DEVELOPMENT_ASSET_PATHS = "\"ModelPicker/Preview Content\"";
				DEVELOPMENT_TEAM = MX77HCA3K7;
				ENABLE_PREVIEWS = YES;
				GENERATE_INFOPLIST_FILE = YES;
				INFOPLIST_KEY_NSCameraUsageDescription = "";
				INFOPLIST_KEY_UIApplicationSupportsIndirectInputEvents = YES;
				INFOPLIST_KEY_UILaunchScreen_Generation = YES;
				INFOPLIST_KEY_UIRequiredDeviceCapabilities = arkit;
				INFOPLIST_KEY_UIStatusBarHidden = YES;
				INFOPLIST_KEY_UISupportedInterfaceOrientations_iPad = "UIInterfaceOrientationPortrait UIInterfaceOrientationPortraitUpsideDown UIInterfaceOrientationLandscapeLeft UIInterfaceOrientationLandscapeRight";
				INFOPLIST_KEY_UISupportedInterfaceOrientations_iPhone = "UIInterfaceOrientationPortrait UIInterfaceOrientationLandscapeLeft UIInterfaceOrientationLandscapeRight";
				LD_RUNPATH_SEARCH_PATHS = (
					"$(inherited)",
					"@executable_path/Frameworks",
				);
				MARKETING_VERSION = 1.0;
				PRODUCT_BUNDLE_IDENTIFIER = com.JalomeChirwa.ModelPicker;
				PRODUCT_NAME = "$(TARGET_NAME)";
				SWIFT_EMIT_LOC_STRINGS = YES;
				SWIFT_VERSION = 5.0;
				TARGETED_DEVICE_FAMILY = "1,2";
			};
			name = Debug;
		};
		6FB4BD5C28FDF57B002B8B5C /* Release */ = {
			isa = XCBuildConfiguration;
			buildSettings = {
				ASSETCATALOG_COMPILER_APPICON_NAME = AppIcon;
				ASSETCATALOG_COMPILER_GLOBAL_ACCENT_COLOR_NAME = AccentColor;
				CODE_SIGN_STYLE = Automatic;
				CURRENT_PROJECT_VERSION = 1;
				DEVELOPMENT_ASSET_PATHS = "\"ModelPicker/Preview Content\"";
				DEVELOPMENT_TEAM = MX77HCA3K7;
				ENABLE_PREVIEWS = YES;
				GENERATE_INFOPLIST_FILE = YES;
				INFOPLIST_KEY_NSCameraUsageDescription = "";
				INFOPLIST_KEY_UIApplicationSupportsIndirectInputEvents = YES;
				INFOPLIST_KEY_UILaunchScreen_Generation = YES;
				INFOPLIST_KEY_UIRequiredDeviceCapabilities = arkit;
				INFOPLIST_KEY_UIStatusBarHidden = YES;
				INFOPLIST_KEY_UISupportedInterfaceOrientations_iPad = "UIInterfaceOrientationPortrait UIInterfaceOrientationPortraitUpsideDown UIInterfaceOrientationLandscapeLeft UIInterfaceOrientationLandscapeRight";
				INFOPLIST_KEY_UISupportedInterfaceOrientations_iPhone = "UIInterfaceOrientationPortrait UIInterfaceOrientationLandscapeLeft UIInterfaceOrientationLandscapeRight";
				LD_RUNPATH_SEARCH_PATHS = (
					"$(inherited)",
					"@executable_path/Frameworks",
				);
				MARKETING_VERSION = 1.0;
				PRODUCT_BUNDLE_IDENTIFIER = com.JalomeChirwa.ModelPicker;
				PRODUCT_NAME = "$(TARGET_NAME)";
				SWIFT_EMIT_LOC_STRINGS = YES;
				SWIFT_VERSION = 5.0;
				TARGETED_DEVICE_FAMILY = "1,2";
			};
			name = Release;
		};
		6FB4BD5E28FDF57B002B8B5C /* Debug */ = {
			isa = XCBuildConfiguration;
			buildSettings = {
				ALWAYS_EMBED_SWIFT_STANDARD_LIBRARIES = YES;
				BUNDLE_LOADER = "$(TEST_HOST)";
				CODE_SIGN_STYLE = Automatic;
				CURRENT_PROJECT_VERSION = 1;
				DEVELOPMENT_TEAM = Q823D84X8D;
				GENERATE_INFOPLIST_FILE = YES;
				IPHONEOS_DEPLOYMENT_TARGET = 15.5;
				MARKETING_VERSION = 1.0;
				PRODUCT_BUNDLE_IDENTIFIER = com.JalomeChirwa.ModelPickerTests;
				PRODUCT_NAME = "$(TARGET_NAME)";
				SWIFT_EMIT_LOC_STRINGS = NO;
				SWIFT_VERSION = 5.0;
				TARGETED_DEVICE_FAMILY = "1,2";
				TEST_HOST = "$(BUILT_PRODUCTS_DIR)/ModelPicker.app/ModelPicker";
			};
			name = Debug;
		};
		6FB4BD5F28FDF57B002B8B5C /* Release */ = {
			isa = XCBuildConfiguration;
			buildSettings = {
				ALWAYS_EMBED_SWIFT_STANDARD_LIBRARIES = YES;
				BUNDLE_LOADER = "$(TEST_HOST)";
				CODE_SIGN_STYLE = Automatic;
				CURRENT_PROJECT_VERSION = 1;
				DEVELOPMENT_TEAM = Q823D84X8D;
				GENERATE_INFOPLIST_FILE = YES;
				IPHONEOS_DEPLOYMENT_TARGET = 15.5;
				MARKETING_VERSION = 1.0;
				PRODUCT_BUNDLE_IDENTIFIER = com.JalomeChirwa.ModelPickerTests;
				PRODUCT_NAME = "$(TARGET_NAME)";
				SWIFT_EMIT_LOC_STRINGS = NO;
				SWIFT_VERSION = 5.0;
				TARGETED_DEVICE_FAMILY = "1,2";
				TEST_HOST = "$(BUILT_PRODUCTS_DIR)/ModelPicker.app/ModelPicker";
			};
			name = Release;
		};
		6FB4BD6128FDF57B002B8B5C /* Debug */ = {
			isa = XCBuildConfiguration;
			buildSettings = {
				ALWAYS_EMBED_SWIFT_STANDARD_LIBRARIES = YES;
				CODE_SIGN_STYLE = Automatic;
				CURRENT_PROJECT_VERSION = 1;
				DEVELOPMENT_TEAM = Q823D84X8D;
				GENERATE_INFOPLIST_FILE = YES;
				MARKETING_VERSION = 1.0;
				PRODUCT_BUNDLE_IDENTIFIER = com.JalomeChirwa.ModelPickerUITests;
				PRODUCT_NAME = "$(TARGET_NAME)";
				SWIFT_EMIT_LOC_STRINGS = NO;
				SWIFT_VERSION = 5.0;
				TARGETED_DEVICE_FAMILY = "1,2";
				TEST_TARGET_NAME = ModelPicker;
			};
			name = Debug;
		};
		6FB4BD6228FDF57B002B8B5C /* Release */ = {
			isa = XCBuildConfiguration;
			buildSettings = {
				ALWAYS_EMBED_SWIFT_STANDARD_LIBRARIES = YES;
				CODE_SIGN_STYLE = Automatic;
				CURRENT_PROJECT_VERSION = 1;
				DEVELOPMENT_TEAM = Q823D84X8D;
				GENERATE_INFOPLIST_FILE = YES;
				MARKETING_VERSION = 1.0;
				PRODUCT_BUNDLE_IDENTIFIER = com.JalomeChirwa.ModelPickerUITests;
				PRODUCT_NAME = "$(TARGET_NAME)";
				SWIFT_EMIT_LOC_STRINGS = NO;
				SWIFT_VERSION = 5.0;
				TARGETED_DEVICE_FAMILY = "1,2";
				TEST_TARGET_NAME = ModelPicker;
			};
			name = Release;
		};
/* End XCBuildConfiguration section */

/* Begin XCConfigurationList section */
		6FB4BD2F28FDF577002B8B5C /* Build configuration list for PBXProject "ModelPicker" */ = {
			isa = XCConfigurationList;
			buildConfigurations = (
				6FB4BD5828FDF57B002B8B5C /* Debug */,
				6FB4BD5928FDF57B002B8B5C /* Release */,
			);
			defaultConfigurationIsVisible = 0;
			defaultConfigurationName = Release;
		};
		6FB4BD5A28FDF57B002B8B5C /* Build configuration list for PBXNativeTarget "ModelPicker" */ = {
			isa = XCConfigurationList;
			buildConfigurations = (
				6FB4BD5B28FDF57B002B8B5C /* Debug */,
				6FB4BD5C28FDF57B002B8B5C /* Release */,
			);
			defaultConfigurationIsVisible = 0;
			defaultConfigurationName = Release;
		};
		6FB4BD5D28FDF57B002B8B5C /* Build configuration list for PBXNativeTarget "ModelPickerTests" */ = {
			isa = XCConfigurationList;
			buildConfigurations = (
				6FB4BD5E28FDF57B002B8B5C /* Debug */,
				6FB4BD5F28FDF57B002B8B5C /* Release */,
			);
			defaultConfigurationIsVisible = 0;
			defaultConfigurationName = Release;
		};
		6FB4BD6028FDF57B002B8B5C /* Build configuration list for PBXNativeTarget "ModelPickerUITests" */ = {
			isa = XCConfigurationList;
			buildConfigurations = (
				6FB4BD6128FDF57B002B8B5C /* Debug */,
				6FB4BD6228FDF57B002B8B5C /* Release */,
			);
			defaultConfigurationIsVisible = 0;
			defaultConfigurationName = Release;
		};
/* End XCConfigurationList section */
	};
	rootObject = 6FB4BD2C28FDF577002B8B5C /* Project object */;
}
